// !$*UTF8*$!
{
	archiveVersion = 1;
	classes = {
	};
	objectVersion = 46;
	objects = {

/* Begin PBXBuildFile section */
		18009F1016FAD1DC003AB257 /* placeholder.png in Resources */ = {isa = PBXBuildFile; fileRef = 18009F0E16FAD1DC003AB257 /* placeholder.png */; };
		18009F1116FAD1DC003AB257 /* placeholder@2x.png in Resources */ = {isa = PBXBuildFile; fileRef = 18009F0F16FAD1DC003AB257 /* placeholder@2x.png */; };
		1801069316F120B60000A1CB /* AgeListViewController.m in Sources */ = {isa = PBXBuildFile; fileRef = 1801069116F120B60000A1CB /* AgeListViewController.m */; };
		1801069416F120B60000A1CB /* AgeListViewController.xib in Resources */ = {isa = PBXBuildFile; fileRef = 1801069216F120B60000A1CB /* AgeListViewController.xib */; };
		1812660316F2E69A0079B9F5 /* NoteViewController.m in Sources */ = {isa = PBXBuildFile; fileRef = 1812660116F2E69A0079B9F5 /* NoteViewController.m */; };
		1812660416F2E69A0079B9F5 /* NoteViewController.xib in Resources */ = {isa = PBXBuildFile; fileRef = 1812660216F2E69A0079B9F5 /* NoteViewController.xib */; };
		181E552216EB16DA00A8F4CD /* OptionViewController.xib in Resources */ = {isa = PBXBuildFile; fileRef = 181E552116EB16DA00A8F4CD /* OptionViewController.xib */; };
		181E552416EB16EE00A8F4CD /* OptionViewController.h in Resources */ = {isa = PBXBuildFile; fileRef = 181E552316EB16EE00A8F4CD /* OptionViewController.h */; };
		181E552616EB170E00A8F4CD /* OptionViewController.m in Sources */ = {isa = PBXBuildFile; fileRef = 181E552516EB170E00A8F4CD /* OptionViewController.m */; };
		181E552816EE66C000A8F4CD /* PostViewController.xib in Resources */ = {isa = PBXBuildFile; fileRef = 181E552716EE66C000A8F4CD /* PostViewController.xib */; };
		1866D07C17024A73008796F0 /* write.png in Resources */ = {isa = PBXBuildFile; fileRef = 1866D07B17024A73008796F0 /* write.png */; };
		187ED9DE16FBABB20040F013 /* UserStore.m in Sources */ = {isa = PBXBuildFile; fileRef = 187ED9DD16FBABB20040F013 /* UserStore.m */; };
		188110EF16FBBA1200DDDF32 /* UserData.m in Sources */ = {isa = PBXBuildFile; fileRef = 188110EE16FBBA1200DDDF32 /* UserData.m */; };
		18C7B25116D59F5200813A66 /* Icon-72.png in Resources */ = {isa = PBXBuildFile; fileRef = 18C7B25016D59F5200813A66 /* Icon-72.png */; };
		18C7B25316D59F6100813A66 /* Icon.png in Resources */ = {isa = PBXBuildFile; fileRef = 18C7B25216D59F6100813A66 /* Icon.png */; };
		18C7B25516D59F6700813A66 /* Icon@2x.png in Resources */ = {isa = PBXBuildFile; fileRef = 18C7B25416D59F6700813A66 /* Icon@2x.png */; };
		18C7B25716D59FC500813A66 /* heart.png in Resources */ = {isa = PBXBuildFile; fileRef = 18C7B25616D59FC500813A66 /* heart.png */; };
		18C7B25916D59FEF00813A66 /* camera.png in Resources */ = {isa = PBXBuildFile; fileRef = 18C7B25816D59FEF00813A66 /* camera.png */; };
		18C7B25B16D5A11A00813A66 /* coffee.png in Resources */ = {isa = PBXBuildFile; fileRef = 18C7B25A16D5A11A00813A66 /* coffee.png */; };
		18C7B25D16D5A12D00813A66 /* user.png in Resources */ = {isa = PBXBuildFile; fileRef = 18C7B25C16D5A12D00813A66 /* user.png */; };
		18C7B25F16D5A17700813A66 /* gear.png in Resources */ = {isa = PBXBuildFile; fileRef = 18C7B25E16D5A17700813A66 /* gear.png */; };
		18C7B26116D5A1C200813A66 /* action-eating.png in Resources */ = {isa = PBXBuildFile; fileRef = 18C7B26016D5A1C200813A66 /* action-eating.png */; };
		18C7B26316D5A1D800813A66 /* action-people.png in Resources */ = {isa = PBXBuildFile; fileRef = 18C7B26216D5A1D800813A66 /* action-people.png */; };
		18C7B26516D5A1DF00813A66 /* facebook.png in Resources */ = {isa = PBXBuildFile; fileRef = 18C7B26416D5A1DF00813A66 /* facebook.png */; };
		18C7B26716D5A1E600813A66 /* action-location.png in Resources */ = {isa = PBXBuildFile; fileRef = 18C7B26616D5A1E600813A66 /* action-location.png */; };
		18C7B26916D5A3C800813A66 /* FacebookSDKResources.bundle in Resources */ = {isa = PBXBuildFile; fileRef = 18C7B26816D5A3C800813A66 /* FacebookSDKResources.bundle */; };
		18C7B26B16D5A3CF00813A66 /* FBUserSettingsViewResources.bundle in Resources */ = {isa = PBXBuildFile; fileRef = 18C7B26A16D5A3CF00813A66 /* FBUserSettingsViewResources.bundle */; };
		18C7B26D16D5A42D00813A66 /* bicycle.JPG in Resources */ = {isa = PBXBuildFile; fileRef = 18C7B26C16D5A42D00813A66 /* bicycle.JPG */; };
		18D422B216DFEC9A0051EE06 /* DataFeedStore.m in Sources */ = {isa = PBXBuildFile; fileRef = 18D422B116DFEC9A0051EE06 /* DataFeedStore.m */; };
		18D422B816DFF5BA0051EE06 /* WebServerConnection.m in Sources */ = {isa = PBXBuildFile; fileRef = 18D422B716DFF5BA0051EE06 /* WebServerConnection.m */; };
		18F51BB216D7E8A6005894B3 /* love.png in Resources */ = {isa = PBXBuildFile; fileRef = 18F51BB116D7E8A6005894B3 /* love.png */; };
		18F51BB416D7E928005894B3 /* hate.png in Resources */ = {isa = PBXBuildFile; fileRef = 18F51BB316D7E928005894B3 /* hate.png */; };
		300DFECD168259EF00696D06 /* upload-photo.png in Resources */ = {isa = PBXBuildFile; fileRef = 300DFECC168259EF00696D06 /* upload-photo.png */; };
		3019A20B16484C0900D31552 /* MobileCoreServices.framework in Frameworks */ = {isa = PBXBuildFile; fileRef = 3019A20A16484C0900D31552 /* MobileCoreServices.framework */; };
		3019A20E164850D600D31552 /* photo.png in Resources */ = {isa = PBXBuildFile; fileRef = 3019A20D164850D600D31552 /* photo.png */; };
		301E52B716621563005FE793 /* ImageIO.framework in Frameworks */ = {isa = PBXBuildFile; fileRef = 301E52B616621563005FE793 /* ImageIO.framework */; };
		30262B6B1685193500A02C3B /* Comment.m in Sources */ = {isa = PBXBuildFile; fileRef = 30262B6A1685193500A02C3B /* Comment.m */; };
		307B2A29162DCFBC00864D99 /* write.png in Resources */ = {isa = PBXBuildFile; fileRef = 307B2A28162DCFBC00864D99 /* write.png */; };
		308742431657153100E17AA9 /* CameraViewController.m in Sources */ = {isa = PBXBuildFile; fileRef = 308742411657153100E17AA9 /* CameraViewController.m */; };
		308742441657153100E17AA9 /* CameraViewController.xib in Resources */ = {isa = PBXBuildFile; fileRef = 308742421657153100E17AA9 /* CameraViewController.xib */; };
		308B419E1612E6A70064F541 /* sample.jpg in Resources */ = {isa = PBXBuildFile; fileRef = 308B419D1612E6A70064F541 /* sample.jpg */; };
		308C6F7B1664016300AD4E94 /* navigationBarBackgroundRetro.png in Resources */ = {isa = PBXBuildFile; fileRef = 308C6F7A1664016300AD4E94 /* navigationBarBackgroundRetro.png */; };
		308C6F7D1664016F00AD4E94 /* navigationBarLogo.png in Resources */ = {isa = PBXBuildFile; fileRef = 308C6F7C1664016F00AD4E94 /* navigationBarLogo.png */; };
		308C6F7F1664017800AD4E94 /* navigationBarBackButton.png in Resources */ = {isa = PBXBuildFile; fileRef = 308C6F7E1664017800AD4E94 /* navigationBarBackButton.png */; };
		308E52941610F4E800C90EDE /* UIKit.framework in Frameworks */ = {isa = PBXBuildFile; fileRef = 308E52931610F4E800C90EDE /* UIKit.framework */; };
		308E52961610F4E800C90EDE /* Foundation.framework in Frameworks */ = {isa = PBXBuildFile; fileRef = 308E52951610F4E800C90EDE /* Foundation.framework */; };
		308E52981610F4E800C90EDE /* CoreGraphics.framework in Frameworks */ = {isa = PBXBuildFile; fileRef = 308E52971610F4E800C90EDE /* CoreGraphics.framework */; };
		308E529E1610F4E800C90EDE /* InfoPlist.strings in Resources */ = {isa = PBXBuildFile; fileRef = 308E529C1610F4E800C90EDE /* InfoPlist.strings */; };
		308E52A01610F4E800C90EDE /* main.m in Sources */ = {isa = PBXBuildFile; fileRef = 308E529F1610F4E800C90EDE /* main.m */; };
		308E52A41610F4E800C90EDE /* StreamAppDelegate.m in Sources */ = {isa = PBXBuildFile; fileRef = 308E52A31610F4E800C90EDE /* StreamAppDelegate.m */; };
		308E52B41610F5E800C90EDE /* StreamCell.m in Sources */ = {isa = PBXBuildFile; fileRef = 308E52B31610F5E800C90EDE /* StreamCell.m */; };
		30C1AE9F162A92E700EE0BC6 /* PostViewController.m in Sources */ = {isa = PBXBuildFile; fileRef = 30C1AE9D162A92E700EE0BC6 /* PostViewController.m */; };
		30C3133A16117EBF002657B9 /* StreamViewController.m in Sources */ = {isa = PBXBuildFile; fileRef = 30C3133816117EBF002657B9 /* StreamViewController.m */; };
		30C3133B16117EBF002657B9 /* StreamViewController.xib in Resources */ = {isa = PBXBuildFile; fileRef = 30C3133916117EBF002657B9 /* StreamViewController.xib */; };
		30D082F41628A43D004E499F /* DetailViewController.m in Sources */ = {isa = PBXBuildFile; fileRef = 30D082F21628A43D004E499F /* DetailViewController.m */; };
		30D082F51628A43D004E499F /* DetailViewController.xib in Resources */ = {isa = PBXBuildFile; fileRef = 30D082F31628A43D004E499F /* DetailViewController.xib */; };
		30D082F81628A4D5004E499F /* Rec.m in Sources */ = {isa = PBXBuildFile; fileRef = 30D082F71628A4D5004E499F /* Rec.m */; };
		30D08345162929AE004E499F /* MyViewController.m in Sources */ = {isa = PBXBuildFile; fileRef = 30D08343162929AE004E499F /* MyViewController.m */; };
		30D08346162929AE004E499F /* MyViewController.xib in Resources */ = {isa = PBXBuildFile; fileRef = 30D08344162929AE004E499F /* MyViewController.xib */; };
		30D0834A16292A91004E499F /* SettingController.m in Sources */ = {isa = PBXBuildFile; fileRef = 30D0834816292A91004E499F /* SettingController.m */; };
		30D0834B16292A91004E499F /* SettingController.xib in Resources */ = {isa = PBXBuildFile; fileRef = 30D0834916292A91004E499F /* SettingController.xib */; };
		30F581E2163F085C00718C60 /* Social.framework in Frameworks */ = {isa = PBXBuildFile; fileRef = 30F581E1163F085C00718C60 /* Social.framework */; settings = {ATTRIBUTES = (Weak, ); }; };
		30F581E4163F086800718C60 /* AdSupport.framework in Frameworks */ = {isa = PBXBuildFile; fileRef = 30F581E3163F086800718C60 /* AdSupport.framework */; settings = {ATTRIBUTES = (Weak, ); }; };
		30F581E6163F087300718C60 /* Accounts.framework in Frameworks */ = {isa = PBXBuildFile; fileRef = 30F581E5163F087300718C60 /* Accounts.framework */; settings = {ATTRIBUTES = (Weak, ); }; };
		30F581F9163F11D100718C60 /* LoginViewController.m in Sources */ = {isa = PBXBuildFile; fileRef = 30F581F7163F11D100718C60 /* LoginViewController.m */; };
		30F581FA163F11D100718C60 /* LoginViewController.xib in Resources */ = {isa = PBXBuildFile; fileRef = 30F581F8163F11D100718C60 /* LoginViewController.xib */; };
		653C96C617016FE500EB72AA /* navbartop.png in Resources */ = {isa = PBXBuildFile; fileRef = 653C96C517016FE500EB72AA /* navbartop.png */; };
		653C96C81701725C00EB72AA /* furley_bg_@2X.png in Resources */ = {isa = PBXBuildFile; fileRef = 653C96C71701725C00EB72AA /* furley_bg_@2X.png */; };
		653C96CA1701738000EB72AA /* furley_bg.png in Resources */ = {isa = PBXBuildFile; fileRef = 653C96C91701738000EB72AA /* furley_bg.png */; };
		653C96CC17017A1800EB72AA /* broken_heart.png in Resources */ = {isa = PBXBuildFile; fileRef = 653C96CB17017A1800EB72AA /* broken_heart.png */; };
		653C96CE17017C7E00EB72AA /* pink_heart2.png in Resources */ = {isa = PBXBuildFile; fileRef = 653C96CD17017C7E00EB72AA /* pink_heart2.png */; };
		653C96D01701FF0900EB72AA /* nav_button_black.png in Resources */ = {isa = PBXBuildFile; fileRef = 653C96CF1701FF0900EB72AA /* nav_button_black.png */; };
		653C96D41702078400EB72AA /* navButton_Black_2.png in Resources */ = {isa = PBXBuildFile; fileRef = 653C96D31702078400EB72AA /* navButton_Black_2.png */; };
		E24BB77617023BEE005DCA9A /* FacebookSDK.framework in Frameworks */ = {isa = PBXBuildFile; fileRef = E24BB77517023BEE005DCA9A /* FacebookSDK.framework */; };
		E24BB77817023C0B005DCA9A /* SDWebImage.framework in Frameworks */ = {isa = PBXBuildFile; fileRef = E24BB77717023C0B005DCA9A /* SDWebImage.framework */; };
/* End PBXBuildFile section */

/* Begin PBXFileReference section */
		18009F0E16FAD1DC003AB257 /* placeholder.png */ = {isa = PBXFileReference; lastKnownFileType = image.png; path = placeholder.png; sourceTree = "<group>"; };
		18009F0F16FAD1DC003AB257 /* placeholder@2x.png */ = {isa = PBXFileReference; lastKnownFileType = image.png; path = "placeholder@2x.png"; sourceTree = "<group>"; };
		1801069016F120B50000A1CB /* AgeListViewController.h */ = {isa = PBXFileReference; fileEncoding = 4; lastKnownFileType = sourcecode.c.h; path = AgeListViewController.h; sourceTree = "<group>"; };
		1801069116F120B60000A1CB /* AgeListViewController.m */ = {isa = PBXFileReference; fileEncoding = 4; lastKnownFileType = sourcecode.c.objc; path = AgeListViewController.m; sourceTree = "<group>"; };
		1801069216F120B60000A1CB /* AgeListViewController.xib */ = {isa = PBXFileReference; fileEncoding = 4; lastKnownFileType = file.xib; path = AgeListViewController.xib; sourceTree = "<group>"; };
		1812660016F2E69A0079B9F5 /* NoteViewController.h */ = {isa = PBXFileReference; fileEncoding = 4; lastKnownFileType = sourcecode.c.h; path = NoteViewController.h; sourceTree = "<group>"; };
		1812660116F2E69A0079B9F5 /* NoteViewController.m */ = {isa = PBXFileReference; fileEncoding = 4; lastKnownFileType = sourcecode.c.objc; path = NoteViewController.m; sourceTree = "<group>"; };
		1812660216F2E69A0079B9F5 /* NoteViewController.xib */ = {isa = PBXFileReference; fileEncoding = 4; lastKnownFileType = file.xib; path = NoteViewController.xib; sourceTree = "<group>"; };
		181E552116EB16DA00A8F4CD /* OptionViewController.xib */ = {isa = PBXFileReference; fileEncoding = 4; lastKnownFileType = file.xib; path = OptionViewController.xib; sourceTree = "<group>"; };
		181E552316EB16EE00A8F4CD /* OptionViewController.h */ = {isa = PBXFileReference; fileEncoding = 4; lastKnownFileType = sourcecode.c.h; path = OptionViewController.h; sourceTree = "<group>"; };
		181E552516EB170E00A8F4CD /* OptionViewController.m */ = {isa = PBXFileReference; fileEncoding = 4; lastKnownFileType = sourcecode.c.objc; path = OptionViewController.m; sourceTree = "<group>"; };
		181E552716EE66C000A8F4CD /* PostViewController.xib */ = {isa = PBXFileReference; fileEncoding = 4; lastKnownFileType = file.xib; path = PostViewController.xib; sourceTree = "<group>"; };
		1866D07B17024A73008796F0 /* write.png */ = {isa = PBXFileReference; lastKnownFileType = image.png; path = write.png; sourceTree = "<group>"; };
		187ED9DC16FBABB10040F013 /* UserStore.h */ = {isa = PBXFileReference; fileEncoding = 4; lastKnownFileType = sourcecode.c.h; path = UserStore.h; sourceTree = "<group>"; };
		187ED9DD16FBABB20040F013 /* UserStore.m */ = {isa = PBXFileReference; fileEncoding = 4; lastKnownFileType = sourcecode.c.objc; path = UserStore.m; sourceTree = "<group>"; };
		188110ED16FBBA1200DDDF32 /* UserData.h */ = {isa = PBXFileReference; fileEncoding = 4; lastKnownFileType = sourcecode.c.h; path = UserData.h; sourceTree = "<group>"; };
		188110EE16FBBA1200DDDF32 /* UserData.m */ = {isa = PBXFileReference; fileEncoding = 4; lastKnownFileType = sourcecode.c.objc; path = UserData.m; sourceTree = "<group>"; };
		18C7B25016D59F5200813A66 /* Icon-72.png */ = {isa = PBXFileReference; lastKnownFileType = image.png; path = "Icon-72.png"; sourceTree = "<group>"; };
		18C7B25216D59F6100813A66 /* Icon.png */ = {isa = PBXFileReference; lastKnownFileType = image.png; path = Icon.png; sourceTree = "<group>"; };
		18C7B25416D59F6700813A66 /* Icon@2x.png */ = {isa = PBXFileReference; lastKnownFileType = image.png; path = "Icon@2x.png"; sourceTree = "<group>"; };
		18C7B25616D59FC500813A66 /* heart.png */ = {isa = PBXFileReference; lastKnownFileType = image.png; path = heart.png; sourceTree = "<group>"; };
		18C7B25816D59FEF00813A66 /* camera.png */ = {isa = PBXFileReference; lastKnownFileType = image.png; path = camera.png; sourceTree = "<group>"; };
		18C7B25A16D5A11A00813A66 /* coffee.png */ = {isa = PBXFileReference; lastKnownFileType = image.png; path = coffee.png; sourceTree = "<group>"; };
		18C7B25C16D5A12D00813A66 /* user.png */ = {isa = PBXFileReference; lastKnownFileType = image.png; path = user.png; sourceTree = "<group>"; };
		18C7B25E16D5A17700813A66 /* gear.png */ = {isa = PBXFileReference; lastKnownFileType = image.png; path = gear.png; sourceTree = "<group>"; };
		18C7B26016D5A1C200813A66 /* action-eating.png */ = {isa = PBXFileReference; lastKnownFileType = image.png; path = "action-eating.png"; sourceTree = "<group>"; };
		18C7B26216D5A1D800813A66 /* action-people.png */ = {isa = PBXFileReference; lastKnownFileType = image.png; path = "action-people.png"; sourceTree = "<group>"; };
		18C7B26416D5A1DF00813A66 /* facebook.png */ = {isa = PBXFileReference; lastKnownFileType = image.png; path = facebook.png; sourceTree = "<group>"; };
		18C7B26616D5A1E600813A66 /* action-location.png */ = {isa = PBXFileReference; lastKnownFileType = image.png; path = "action-location.png"; sourceTree = "<group>"; };
		18C7B26816D5A3C800813A66 /* FacebookSDKResources.bundle */ = {isa = PBXFileReference; lastKnownFileType = "wrapper.plug-in"; path = FacebookSDKResources.bundle; sourceTree = "<group>"; };
		18C7B26A16D5A3CF00813A66 /* FBUserSettingsViewResources.bundle */ = {isa = PBXFileReference; lastKnownFileType = "wrapper.plug-in"; path = FBUserSettingsViewResources.bundle; sourceTree = "<group>"; };
		18C7B26C16D5A42D00813A66 /* bicycle.JPG */ = {isa = PBXFileReference; lastKnownFileType = image.jpeg; path = bicycle.JPG; sourceTree = "<group>"; };
		18D422B016DFEC9A0051EE06 /* DataFeedStore.h */ = {isa = PBXFileReference; fileEncoding = 4; lastKnownFileType = sourcecode.c.h; path = DataFeedStore.h; sourceTree = "<group>"; };
		18D422B116DFEC9A0051EE06 /* DataFeedStore.m */ = {isa = PBXFileReference; fileEncoding = 4; lastKnownFileType = sourcecode.c.objc; path = DataFeedStore.m; sourceTree = "<group>"; };
		18D422B616DFF5B90051EE06 /* WebServerConnection.h */ = {isa = PBXFileReference; fileEncoding = 4; lastKnownFileType = sourcecode.c.h; path = WebServerConnection.h; sourceTree = "<group>"; };
		18D422B716DFF5BA0051EE06 /* WebServerConnection.m */ = {isa = PBXFileReference; fileEncoding = 4; lastKnownFileType = sourcecode.c.objc; path = WebServerConnection.m; sourceTree = "<group>"; };
		18F51BB116D7E8A6005894B3 /* love.png */ = {isa = PBXFileReference; lastKnownFileType = image.png; path = love.png; sourceTree = "<group>"; };
		18F51BB316D7E928005894B3 /* hate.png */ = {isa = PBXFileReference; lastKnownFileType = image.png; path = hate.png; sourceTree = "<group>"; };
		300DFECC168259EF00696D06 /* upload-photo.png */ = {isa = PBXFileReference; lastKnownFileType = image.png; path = "upload-photo.png"; sourceTree = "<group>"; };
		3019A20A16484C0900D31552 /* MobileCoreServices.framework */ = {isa = PBXFileReference; lastKnownFileType = wrapper.framework; name = MobileCoreServices.framework; path = System/Library/Frameworks/MobileCoreServices.framework; sourceTree = SDKROOT; };
		3019A20D164850D600D31552 /* photo.png */ = {isa = PBXFileReference; lastKnownFileType = image.png; name = photo.png; path = "../../iconbeast-lite/iconbeast lite - png/photo.png"; sourceTree = "<group>"; };
		301E52B616621563005FE793 /* ImageIO.framework */ = {isa = PBXFileReference; lastKnownFileType = wrapper.framework; name = ImageIO.framework; path = System/Library/Frameworks/ImageIO.framework; sourceTree = SDKROOT; };
		30262B691685193500A02C3B /* Comment.h */ = {isa = PBXFileReference; fileEncoding = 4; lastKnownFileType = sourcecode.c.h; path = Comment.h; sourceTree = "<group>"; };
		30262B6A1685193500A02C3B /* Comment.m */ = {isa = PBXFileReference; fileEncoding = 4; lastKnownFileType = sourcecode.c.objc; path = Comment.m; sourceTree = "<group>"; };
		307B2A28162DCFBC00864D99 /* write.png */ = {isa = PBXFileReference; lastKnownFileType = image.png; name = write.png; path = "../../iconbeast-lite/iconbeast lite - png/write.png"; sourceTree = "<group>"; };
		308742401657153100E17AA9 /* CameraViewController.h */ = {isa = PBXFileReference; fileEncoding = 4; lastKnownFileType = sourcecode.c.h; path = CameraViewController.h; sourceTree = "<group>"; };
		308742411657153100E17AA9 /* CameraViewController.m */ = {isa = PBXFileReference; fileEncoding = 4; lastKnownFileType = sourcecode.c.objc; path = CameraViewController.m; sourceTree = "<group>"; };
		308742421657153100E17AA9 /* CameraViewController.xib */ = {isa = PBXFileReference; fileEncoding = 4; lastKnownFileType = file.xib; path = CameraViewController.xib; sourceTree = "<group>"; };
		308B419D1612E6A70064F541 /* sample.jpg */ = {isa = PBXFileReference; lastKnownFileType = image.jpeg; path = sample.jpg; sourceTree = "<group>"; };
		308C6F7A1664016300AD4E94 /* navigationBarBackgroundRetro.png */ = {isa = PBXFileReference; lastKnownFileType = image.png; path = navigationBarBackgroundRetro.png; sourceTree = "<group>"; };
		308C6F7C1664016F00AD4E94 /* navigationBarLogo.png */ = {isa = PBXFileReference; lastKnownFileType = image.png; path = navigationBarLogo.png; sourceTree = "<group>"; };
		308C6F7E1664017800AD4E94 /* navigationBarBackButton.png */ = {isa = PBXFileReference; lastKnownFileType = image.png; path = navigationBarBackButton.png; sourceTree = "<group>"; };
		308E528F1610F4E800C90EDE /* StreamTest.app */ = {isa = PBXFileReference; explicitFileType = wrapper.application; includeInIndex = 0; path = StreamTest.app; sourceTree = BUILT_PRODUCTS_DIR; };
		308E52931610F4E800C90EDE /* UIKit.framework */ = {isa = PBXFileReference; lastKnownFileType = wrapper.framework; name = UIKit.framework; path = System/Library/Frameworks/UIKit.framework; sourceTree = SDKROOT; };
		308E52951610F4E800C90EDE /* Foundation.framework */ = {isa = PBXFileReference; lastKnownFileType = wrapper.framework; name = Foundation.framework; path = System/Library/Frameworks/Foundation.framework; sourceTree = SDKROOT; };
		308E52971610F4E800C90EDE /* CoreGraphics.framework */ = {isa = PBXFileReference; lastKnownFileType = wrapper.framework; name = CoreGraphics.framework; path = System/Library/Frameworks/CoreGraphics.framework; sourceTree = SDKROOT; };
		308E529B1610F4E800C90EDE /* StreamTest-Info.plist */ = {isa = PBXFileReference; lastKnownFileType = text.plist.xml; path = "StreamTest-Info.plist"; sourceTree = "<group>"; };
		308E529D1610F4E800C90EDE /* en */ = {isa = PBXFileReference; lastKnownFileType = text.plist.strings; name = en; path = en.lproj/InfoPlist.strings; sourceTree = "<group>"; };
		308E529F1610F4E800C90EDE /* main.m */ = {isa = PBXFileReference; lastKnownFileType = sourcecode.c.objc; path = main.m; sourceTree = "<group>"; };
		308E52A11610F4E800C90EDE /* StreamTest-Prefix.pch */ = {isa = PBXFileReference; lastKnownFileType = sourcecode.c.h; path = "StreamTest-Prefix.pch"; sourceTree = "<group>"; };
		308E52A21610F4E800C90EDE /* StreamAppDelegate.h */ = {isa = PBXFileReference; lastKnownFileType = sourcecode.c.h; path = StreamAppDelegate.h; sourceTree = "<group>"; };
		308E52A31610F4E800C90EDE /* StreamAppDelegate.m */ = {isa = PBXFileReference; lastKnownFileType = sourcecode.c.objc; path = StreamAppDelegate.m; sourceTree = "<group>"; };
		308E52B21610F5E800C90EDE /* StreamCell.h */ = {isa = PBXFileReference; fileEncoding = 4; lastKnownFileType = sourcecode.c.h; path = StreamCell.h; sourceTree = "<group>"; };
		308E52B31610F5E800C90EDE /* StreamCell.m */ = {isa = PBXFileReference; fileEncoding = 4; lastKnownFileType = sourcecode.c.objc; path = StreamCell.m; sourceTree = "<group>"; };
		30C1AE9C162A92E600EE0BC6 /* PostViewController.h */ = {isa = PBXFileReference; fileEncoding = 4; lastKnownFileType = sourcecode.c.h; path = PostViewController.h; sourceTree = "<group>"; };
		30C1AE9D162A92E700EE0BC6 /* PostViewController.m */ = {isa = PBXFileReference; fileEncoding = 4; lastKnownFileType = sourcecode.c.objc; path = PostViewController.m; sourceTree = "<group>"; };
		30C3133716117EBF002657B9 /* StreamViewController.h */ = {isa = PBXFileReference; fileEncoding = 4; lastKnownFileType = sourcecode.c.h; path = StreamViewController.h; sourceTree = "<group>"; };
		30C3133816117EBF002657B9 /* StreamViewController.m */ = {isa = PBXFileReference; fileEncoding = 4; lastKnownFileType = sourcecode.c.objc; path = StreamViewController.m; sourceTree = "<group>"; };
		30C3133916117EBF002657B9 /* StreamViewController.xib */ = {isa = PBXFileReference; fileEncoding = 4; lastKnownFileType = file.xib; path = StreamViewController.xib; sourceTree = "<group>"; };
		30C574CC165C3BA900827A95 /* libsqlite3.dylib */ = {isa = PBXFileReference; lastKnownFileType = "compiled.mach-o.dylib"; name = libsqlite3.dylib; path = usr/lib/libsqlite3.dylib; sourceTree = SDKROOT; };
		30D082F11628A43D004E499F /* DetailViewController.h */ = {isa = PBXFileReference; fileEncoding = 4; lastKnownFileType = sourcecode.c.h; path = DetailViewController.h; sourceTree = "<group>"; };
		30D082F21628A43D004E499F /* DetailViewController.m */ = {isa = PBXFileReference; fileEncoding = 4; lastKnownFileType = sourcecode.c.objc; path = DetailViewController.m; sourceTree = "<group>"; };
		30D082F31628A43D004E499F /* DetailViewController.xib */ = {isa = PBXFileReference; fileEncoding = 4; lastKnownFileType = file.xib; path = DetailViewController.xib; sourceTree = "<group>"; };
		30D082F61628A4D5004E499F /* Rec.h */ = {isa = PBXFileReference; fileEncoding = 4; lastKnownFileType = sourcecode.c.h; path = Rec.h; sourceTree = "<group>"; };
		30D082F71628A4D5004E499F /* Rec.m */ = {isa = PBXFileReference; fileEncoding = 4; lastKnownFileType = sourcecode.c.objc; path = Rec.m; sourceTree = "<group>"; };
		30D08342162929AE004E499F /* MyViewController.h */ = {isa = PBXFileReference; fileEncoding = 4; lastKnownFileType = sourcecode.c.h; path = MyViewController.h; sourceTree = "<group>"; };
		30D08343162929AE004E499F /* MyViewController.m */ = {isa = PBXFileReference; fileEncoding = 4; lastKnownFileType = sourcecode.c.objc; path = MyViewController.m; sourceTree = "<group>"; };
		30D08344162929AE004E499F /* MyViewController.xib */ = {isa = PBXFileReference; fileEncoding = 4; lastKnownFileType = file.xib; path = MyViewController.xib; sourceTree = "<group>"; };
		30D0834716292A91004E499F /* SettingController.h */ = {isa = PBXFileReference; fileEncoding = 4; lastKnownFileType = sourcecode.c.h; path = SettingController.h; sourceTree = "<group>"; };
		30D0834816292A91004E499F /* SettingController.m */ = {isa = PBXFileReference; fileEncoding = 4; lastKnownFileType = sourcecode.c.objc; path = SettingController.m; sourceTree = "<group>"; };
		30D0834916292A91004E499F /* SettingController.xib */ = {isa = PBXFileReference; fileEncoding = 4; lastKnownFileType = file.xib; path = SettingController.xib; sourceTree = "<group>"; };
		30F581E1163F085C00718C60 /* Social.framework */ = {isa = PBXFileReference; lastKnownFileType = wrapper.framework; name = Social.framework; path = System/Library/Frameworks/Social.framework; sourceTree = SDKROOT; };
		30F581E3163F086800718C60 /* AdSupport.framework */ = {isa = PBXFileReference; lastKnownFileType = wrapper.framework; name = AdSupport.framework; path = System/Library/Frameworks/AdSupport.framework; sourceTree = SDKROOT; };
		30F581E5163F087300718C60 /* Accounts.framework */ = {isa = PBXFileReference; lastKnownFileType = wrapper.framework; name = Accounts.framework; path = System/Library/Frameworks/Accounts.framework; sourceTree = SDKROOT; };
		30F581F6163F11D100718C60 /* LoginViewController.h */ = {isa = PBXFileReference; fileEncoding = 4; lastKnownFileType = sourcecode.c.h; path = LoginViewController.h; sourceTree = "<group>"; };
		30F581F7163F11D100718C60 /* LoginViewController.m */ = {isa = PBXFileReference; fileEncoding = 4; lastKnownFileType = sourcecode.c.objc; path = LoginViewController.m; sourceTree = "<group>"; };
		30F581F8163F11D100718C60 /* LoginViewController.xib */ = {isa = PBXFileReference; fileEncoding = 4; lastKnownFileType = file.xib; path = LoginViewController.xib; sourceTree = "<group>"; };
		653C96C517016FE500EB72AA /* navbartop.png */ = {isa = PBXFileReference; lastKnownFileType = image.png; name = navbartop.png; path = ../navbartop.png; sourceTree = "<group>"; };
		653C96C71701725C00EB72AA /* furley_bg_@2X.png */ = {isa = PBXFileReference; lastKnownFileType = image.png; path = "furley_bg_@2X.png"; sourceTree = "<group>"; };
		653C96C91701738000EB72AA /* furley_bg.png */ = {isa = PBXFileReference; lastKnownFileType = image.png; path = furley_bg.png; sourceTree = "<group>"; };
		653C96CB17017A1800EB72AA /* broken_heart.png */ = {isa = PBXFileReference; lastKnownFileType = image.png; path = broken_heart.png; sourceTree = "<group>"; };
		653C96CD17017C7E00EB72AA /* pink_heart2.png */ = {isa = PBXFileReference; lastKnownFileType = image.png; path = pink_heart2.png; sourceTree = "<group>"; };
		653C96CF1701FF0900EB72AA /* nav_button_black.png */ = {isa = PBXFileReference; lastKnownFileType = image.png; path = nav_button_black.png; sourceTree = "<group>"; };
		653C96D31702078400EB72AA /* navButton_Black_2.png */ = {isa = PBXFileReference; lastKnownFileType = image.png; name = navButton_Black_2.png; path = ../navButton_Black_2.png; sourceTree = "<group>"; };
		E24BB77517023BEE005DCA9A /* FacebookSDK.framework */ = {isa = PBXFileReference; lastKnownFileType = wrapper.framework; path = FacebookSDK.framework; sourceTree = "<group>"; };
		E24BB77717023C0B005DCA9A /* SDWebImage.framework */ = {isa = PBXFileReference; lastKnownFileType = wrapper.framework; path = SDWebImage.framework; sourceTree = "<group>"; };
/* End PBXFileReference section */

/* Begin PBXFrameworksBuildPhase section */
		308E528C1610F4E800C90EDE /* Frameworks */ = {
			isa = PBXFrameworksBuildPhase;
			buildActionMask = 2147483647;
			files = (
				30F581E2163F085C00718C60 /* Social.framework in Frameworks */,
				30F581E6163F087300718C60 /* Accounts.framework in Frameworks */,
				30F581E4163F086800718C60 /* AdSupport.framework in Frameworks */,
				301E52B716621563005FE793 /* ImageIO.framework in Frameworks */,
				3019A20B16484C0900D31552 /* MobileCoreServices.framework in Frameworks */,
				308E52941610F4E800C90EDE /* UIKit.framework in Frameworks */,
				308E52961610F4E800C90EDE /* Foundation.framework in Frameworks */,
				308E52981610F4E800C90EDE /* CoreGraphics.framework in Frameworks */,
				E24BB77617023BEE005DCA9A /* FacebookSDK.framework in Frameworks */,
				E24BB77817023C0B005DCA9A /* SDWebImage.framework in Frameworks */,
			);
			runOnlyForDeploymentPostprocessing = 0;
		};
/* End PBXFrameworksBuildPhase section */

/* Begin PBXGroup section */
		308B419C1612E6700064F541 /* Resources */ = {
			isa = PBXGroup;
			children = (
				18C7B26C16D5A42D00813A66 /* bicycle.JPG */,
				18C7B26A16D5A3CF00813A66 /* FBUserSettingsViewResources.bundle */,
				18C7B26816D5A3C800813A66 /* FacebookSDKResources.bundle */,
				18C7B25C16D5A12D00813A66 /* user.png */,
				18C7B25E16D5A17700813A66 /* gear.png */,
				300DFECC168259EF00696D06 /* upload-photo.png */,
				18C7B25A16D5A11A00813A66 /* coffee.png */,
				307B2A28162DCFBC00864D99 /* write.png */,
				308B419D1612E6A70064F541 /* sample.jpg */,
			);
			name = Resources;
			sourceTree = "<group>";
		};
		308E52841610F4E800C90EDE = {
			isa = PBXGroup;
			children = (
				301E52B616621563005FE793 /* ImageIO.framework */,
				30C574CC165C3BA900827A95 /* libsqlite3.dylib */,
				3019A20A16484C0900D31552 /* MobileCoreServices.framework */,
				30F581E5163F087300718C60 /* Accounts.framework */,
				30F581E3163F086800718C60 /* AdSupport.framework */,
				30F581E1163F085C00718C60 /* Social.framework */,
				308E52991610F4E800C90EDE /* StreamTest */,
				308E52921610F4E800C90EDE /* Frameworks */,
				308E52901610F4E800C90EDE /* Products */,
			);
			sourceTree = "<group>";
		};
		308E52901610F4E800C90EDE /* Products */ = {
			isa = PBXGroup;
			children = (
				308E528F1610F4E800C90EDE /* StreamTest.app */,
			);
			name = Products;
			sourceTree = "<group>";
		};
		308E52921610F4E800C90EDE /* Frameworks */ = {
			isa = PBXGroup;
			children = (
				E24BB77717023C0B005DCA9A /* SDWebImage.framework */,
				E24BB77517023BEE005DCA9A /* FacebookSDK.framework */,
				308E52931610F4E800C90EDE /* UIKit.framework */,
				308E52951610F4E800C90EDE /* Foundation.framework */,
				308E52971610F4E800C90EDE /* CoreGraphics.framework */,
			);
			name = Frameworks;
			sourceTree = "<group>";
		};
		308E52991610F4E800C90EDE /* StreamTest */ = {
			isa = PBXGroup;
			children = (
				30F581E7163F10AF00718C60 /* images */,
				308B419C1612E6700064F541 /* Resources */,
				308E52A21610F4E800C90EDE /* StreamAppDelegate.h */,
				308E52A31610F4E800C90EDE /* StreamAppDelegate.m */,
				308E529A1610F4E800C90EDE /* Supporting Files */,
				308E52B21610F5E800C90EDE /* StreamCell.h */,
				308E52B31610F5E800C90EDE /* StreamCell.m */,
				188110ED16FBBA1200DDDF32 /* UserData.h */,
				188110EE16FBBA1200DDDF32 /* UserData.m */,
				187ED9DC16FBABB10040F013 /* UserStore.h */,
				187ED9DD16FBABB20040F013 /* UserStore.m */,
				18D422B616DFF5B90051EE06 /* WebServerConnection.h */,
				18D422B716DFF5BA0051EE06 /* WebServerConnection.m */,
				18D422B016DFEC9A0051EE06 /* DataFeedStore.h */,
				18D422B116DFEC9A0051EE06 /* DataFeedStore.m */,
				30C3133716117EBF002657B9 /* StreamViewController.h */,
				30C3133816117EBF002657B9 /* StreamViewController.m */,
				30C3133916117EBF002657B9 /* StreamViewController.xib */,
				30D082F11628A43D004E499F /* DetailViewController.h */,
				30D082F21628A43D004E499F /* DetailViewController.m */,
				30D082F31628A43D004E499F /* DetailViewController.xib */,
				30262B691685193500A02C3B /* Comment.h */,
				30262B6A1685193500A02C3B /* Comment.m */,
				30D082F61628A4D5004E499F /* Rec.h */,
				30D082F71628A4D5004E499F /* Rec.m */,
				30D08342162929AE004E499F /* MyViewController.h */,
				30D08343162929AE004E499F /* MyViewController.m */,
				30D08344162929AE004E499F /* MyViewController.xib */,
				30D0834716292A91004E499F /* SettingController.h */,
				30D0834816292A91004E499F /* SettingController.m */,
				30D0834916292A91004E499F /* SettingController.xib */,
				181E552316EB16EE00A8F4CD /* OptionViewController.h */,
				181E552516EB170E00A8F4CD /* OptionViewController.m */,
				181E552116EB16DA00A8F4CD /* OptionViewController.xib */,
				1801069016F120B50000A1CB /* AgeListViewController.h */,
				1801069116F120B60000A1CB /* AgeListViewController.m */,
				1801069216F120B60000A1CB /* AgeListViewController.xib */,
				1812660016F2E69A0079B9F5 /* NoteViewController.h */,
				1812660116F2E69A0079B9F5 /* NoteViewController.m */,
				1812660216F2E69A0079B9F5 /* NoteViewController.xib */,
				30C1AE9C162A92E600EE0BC6 /* PostViewController.h */,
				30C1AE9D162A92E700EE0BC6 /* PostViewController.m */,
				181E552716EE66C000A8F4CD /* PostViewController.xib */,
				30F581F6163F11D100718C60 /* LoginViewController.h */,
				30F581F7163F11D100718C60 /* LoginViewController.m */,
				30F581F8163F11D100718C60 /* LoginViewController.xib */,
				308742401657153100E17AA9 /* CameraViewController.h */,
				308742411657153100E17AA9 /* CameraViewController.m */,
				308742421657153100E17AA9 /* CameraViewController.xib */,
			);
			path = StreamTest;
			sourceTree = "<group>";
		};
		308E529A1610F4E800C90EDE /* Supporting Files */ = {
			isa = PBXGroup;
			children = (
				308E529B1610F4E800C90EDE /* StreamTest-Info.plist */,
				308E529C1610F4E800C90EDE /* InfoPlist.strings */,
				308E529F1610F4E800C90EDE /* main.m */,
				308E52A11610F4E800C90EDE /* StreamTest-Prefix.pch */,
			);
			name = "Supporting Files";
			sourceTree = "<group>";
		};
		30F581E7163F10AF00718C60 /* images */ = {
			isa = PBXGroup;
			children = (
				1866D07B17024A73008796F0 /* write.png */,
				653C96D31702078400EB72AA /* navButton_Black_2.png */,
				653C96CF1701FF0900EB72AA /* nav_button_black.png */,
				653C96C91701738000EB72AA /* furley_bg.png */,
				653C96C71701725C00EB72AA /* furley_bg_@2X.png */,
				653C96C517016FE500EB72AA /* navbartop.png */,
				18009F0E16FAD1DC003AB257 /* placeholder.png */,
				18009F0F16FAD1DC003AB257 /* placeholder@2x.png */,
				18F51BB316D7E928005894B3 /* hate.png */,
				18C7B26616D5A1E600813A66 /* action-location.png */,
				18F51BB116D7E8A6005894B3 /* love.png */,
				18C7B26416D5A1DF00813A66 /* facebook.png */,
				18C7B26216D5A1D800813A66 /* action-people.png */,
				18C7B26016D5A1C200813A66 /* action-eating.png */,
				18C7B25816D59FEF00813A66 /* camera.png */,
				308C6F7E1664017800AD4E94 /* navigationBarBackButton.png */,
				18C7B25616D59FC500813A66 /* heart.png */,
				653C96CD17017C7E00EB72AA /* pink_heart2.png */,
				653C96CB17017A1800EB72AA /* broken_heart.png */,
				308C6F7C1664016F00AD4E94 /* navigationBarLogo.png */,
				308C6F7A1664016300AD4E94 /* navigationBarBackgroundRetro.png */,
				18C7B25416D59F6700813A66 /* Icon@2x.png */,
				3019A20D164850D600D31552 /* photo.png */,
				18C7B25216D59F6100813A66 /* Icon.png */,
				18C7B25016D59F5200813A66 /* Icon-72.png */,
			);
			name = images;
			sourceTree = "<group>";
		};
/* End PBXGroup section */

/* Begin PBXNativeTarget section */
		308E528E1610F4E800C90EDE /* StreamTest */ = {
			isa = PBXNativeTarget;
			buildConfigurationList = 308E52A71610F4E800C90EDE /* Build configuration list for PBXNativeTarget "StreamTest" */;
			buildPhases = (
				308E528B1610F4E800C90EDE /* Sources */,
				308E528C1610F4E800C90EDE /* Frameworks */,
				308E528D1610F4E800C90EDE /* Resources */,
			);
			buildRules = (
			);
			dependencies = (
			);
			name = StreamTest;
			productName = StreamTest;
			productReference = 308E528F1610F4E800C90EDE /* StreamTest.app */;
			productType = "com.apple.product-type.application";
		};
/* End PBXNativeTarget section */

/* Begin PBXProject section */
		308E52861610F4E800C90EDE /* Project object */ = {
			isa = PBXProject;
			attributes = {
				LastUpgradeCheck = 0460;
			};
			buildConfigurationList = 308E52891610F4E800C90EDE /* Build configuration list for PBXProject "StreamTest" */;
			compatibilityVersion = "Xcode 3.2";
			developmentRegion = English;
			hasScannedForEncodings = 0;
			knownRegions = (
				en,
				he,
			);
			mainGroup = 308E52841610F4E800C90EDE;
			productRefGroup = 308E52901610F4E800C90EDE /* Products */;
			projectDirPath = "";
			projectRoot = "";
			targets = (
				308E528E1610F4E800C90EDE /* StreamTest */,
			);
		};
/* End PBXProject section */

/* Begin PBXResourcesBuildPhase section */
		308E528D1610F4E800C90EDE /* Resources */ = {
			isa = PBXResourcesBuildPhase;
			buildActionMask = 2147483647;
			files = (
				308E529E1610F4E800C90EDE /* InfoPlist.strings in Resources */,
				30C3133B16117EBF002657B9 /* StreamViewController.xib in Resources */,
				308B419E1612E6A70064F541 /* sample.jpg in Resources */,
				30D082F51628A43D004E499F /* DetailViewController.xib in Resources */,
				30D08346162929AE004E499F /* MyViewController.xib in Resources */,
				30D0834B16292A91004E499F /* SettingController.xib in Resources */,
				307B2A29162DCFBC00864D99 /* write.png in Resources */,
				30F581FA163F11D100718C60 /* LoginViewController.xib in Resources */,
				3019A20E164850D600D31552 /* photo.png in Resources */,
				308742441657153100E17AA9 /* CameraViewController.xib in Resources */,
				308C6F7B1664016300AD4E94 /* navigationBarBackgroundRetro.png in Resources */,
				308C6F7D1664016F00AD4E94 /* navigationBarLogo.png in Resources */,
				308C6F7F1664017800AD4E94 /* navigationBarBackButton.png in Resources */,
				300DFECD168259EF00696D06 /* upload-photo.png in Resources */,
				18C7B25116D59F5200813A66 /* Icon-72.png in Resources */,
				18C7B25316D59F6100813A66 /* Icon.png in Resources */,
				18C7B25516D59F6700813A66 /* Icon@2x.png in Resources */,
				18C7B25716D59FC500813A66 /* heart.png in Resources */,
				18C7B25916D59FEF00813A66 /* camera.png in Resources */,
				18C7B25B16D5A11A00813A66 /* coffee.png in Resources */,
				18C7B25D16D5A12D00813A66 /* user.png in Resources */,
				18C7B25F16D5A17700813A66 /* gear.png in Resources */,
				18C7B26116D5A1C200813A66 /* action-eating.png in Resources */,
				18C7B26316D5A1D800813A66 /* action-people.png in Resources */,
				18C7B26516D5A1DF00813A66 /* facebook.png in Resources */,
				18C7B26716D5A1E600813A66 /* action-location.png in Resources */,
				18C7B26916D5A3C800813A66 /* FacebookSDKResources.bundle in Resources */,
				18C7B26B16D5A3CF00813A66 /* FBUserSettingsViewResources.bundle in Resources */,
				18C7B26D16D5A42D00813A66 /* bicycle.JPG in Resources */,
				18F51BB216D7E8A6005894B3 /* love.png in Resources */,
				18F51BB416D7E928005894B3 /* hate.png in Resources */,
				181E552216EB16DA00A8F4CD /* OptionViewController.xib in Resources */,
				181E552416EB16EE00A8F4CD /* OptionViewController.h in Resources */,
				181E552816EE66C000A8F4CD /* PostViewController.xib in Resources */,
				1801069416F120B60000A1CB /* AgeListViewController.xib in Resources */,
				1812660416F2E69A0079B9F5 /* NoteViewController.xib in Resources */,
				18009F1016FAD1DC003AB257 /* placeholder.png in Resources */,
				18009F1116FAD1DC003AB257 /* placeholder@2x.png in Resources */,
				653C96C617016FE500EB72AA /* navbartop.png in Resources */,
				653C96C81701725C00EB72AA /* furley_bg_@2X.png in Resources */,
				653C96CA1701738000EB72AA /* furley_bg.png in Resources */,
				653C96CC17017A1800EB72AA /* broken_heart.png in Resources */,
				653C96CE17017C7E00EB72AA /* pink_heart2.png in Resources */,
				653C96D01701FF0900EB72AA /* nav_button_black.png in Resources */,
				653C96D41702078400EB72AA /* navButton_Black_2.png in Resources */,
				1866D07C17024A73008796F0 /* write.png in Resources */,
			);
			runOnlyForDeploymentPostprocessing = 0;
		};
/* End PBXResourcesBuildPhase section */

/* Begin PBXSourcesBuildPhase section */
		308E528B1610F4E800C90EDE /* Sources */ = {
			isa = PBXSourcesBuildPhase;
			buildActionMask = 2147483647;
			files = (
				308E52A01610F4E800C90EDE /* main.m in Sources */,
				308E52A41610F4E800C90EDE /* StreamAppDelegate.m in Sources */,
				308E52B41610F5E800C90EDE /* StreamCell.m in Sources */,
				30C3133A16117EBF002657B9 /* StreamViewController.m in Sources */,
				30D082F41628A43D004E499F /* DetailViewController.m in Sources */,
				30D082F81628A4D5004E499F /* Rec.m in Sources */,
				30D08345162929AE004E499F /* MyViewController.m in Sources */,
				30D0834A16292A91004E499F /* SettingController.m in Sources */,
				30C1AE9F162A92E700EE0BC6 /* PostViewController.m in Sources */,
				30F581F9163F11D100718C60 /* LoginViewController.m in Sources */,
				308742431657153100E17AA9 /* CameraViewController.m in Sources */,
				30262B6B1685193500A02C3B /* Comment.m in Sources */,
				18D422B216DFEC9A0051EE06 /* DataFeedStore.m in Sources */,
				18D422B816DFF5BA0051EE06 /* WebServerConnection.m in Sources */,
				181E552616EB170E00A8F4CD /* OptionViewController.m in Sources */,
				1801069316F120B60000A1CB /* AgeListViewController.m in Sources */,
				1812660316F2E69A0079B9F5 /* NoteViewController.m in Sources */,
				187ED9DE16FBABB20040F013 /* UserStore.m in Sources */,
				188110EF16FBBA1200DDDF32 /* UserData.m in Sources */,
			);
			runOnlyForDeploymentPostprocessing = 0;
		};
/* End PBXSourcesBuildPhase section */

/* Begin PBXVariantGroup section */
		308E529C1610F4E800C90EDE /* InfoPlist.strings */ = {
			isa = PBXVariantGroup;
			children = (
				308E529D1610F4E800C90EDE /* en */,
			);
			name = InfoPlist.strings;
			sourceTree = "<group>";
		};
/* End PBXVariantGroup section */

/* Begin XCBuildConfiguration section */
		308E52A51610F4E800C90EDE /* Debug */ = {
			isa = XCBuildConfiguration;
			buildSettings = {
				ALWAYS_SEARCH_USER_PATHS = NO;
				ARCHS = "$(ARCHS_STANDARD_32_BIT)";
				CLANG_ENABLE_OBJC_ARC = YES;
				CLANG_WARN_CONSTANT_CONVERSION = YES;
				CLANG_WARN_ENUM_CONVERSION = YES;
				CLANG_WARN_INT_CONVERSION = YES;
				CLANG_WARN__DUPLICATE_METHOD_MATCH = YES;
				"CODE_SIGN_IDENTITY[sdk=iphoneos*]" = "iPhone Developer";
				COPY_PHASE_STRIP = NO;
				GCC_C_LANGUAGE_STANDARD = gnu99;
				GCC_DYNAMIC_NO_PIC = NO;
				GCC_OPTIMIZATION_LEVEL = 0;
				GCC_PREPROCESSOR_DEFINITIONS = (
					"DEBUG=1",
					"$(inherited)",
				);
				GCC_SYMBOLS_PRIVATE_EXTERN = NO;
				GCC_VERSION = com.apple.compilers.llvm.clang.1_0;
				GCC_WARN_ABOUT_MISSING_PROTOTYPES = YES;
				GCC_WARN_ABOUT_RETURN_TYPE = YES;
				GCC_WARN_UNINITIALIZED_AUTOS = YES;
				GCC_WARN_UNUSED_VARIABLE = YES;
				IPHONEOS_DEPLOYMENT_TARGET = 5.1;
				OTHER_LDFLAGS = "-lsqlite3.0";
				SDKROOT = iphoneos;
			};
			name = Debug;
		};
		308E52A61610F4E800C90EDE /* Release */ = {
			isa = XCBuildConfiguration;
			buildSettings = {
				ALWAYS_SEARCH_USER_PATHS = NO;
				ARCHS = "$(ARCHS_STANDARD_32_BIT)";
				CLANG_ENABLE_OBJC_ARC = YES;
				CLANG_WARN_CONSTANT_CONVERSION = YES;
				CLANG_WARN_ENUM_CONVERSION = YES;
				CLANG_WARN_INT_CONVERSION = YES;
				CLANG_WARN__DUPLICATE_METHOD_MATCH = YES;
				"CODE_SIGN_IDENTITY[sdk=iphoneos*]" = "iPhone Developer";
				COPY_PHASE_STRIP = YES;
				GCC_C_LANGUAGE_STANDARD = gnu99;
				GCC_VERSION = com.apple.compilers.llvm.clang.1_0;
				GCC_WARN_ABOUT_MISSING_PROTOTYPES = YES;
				GCC_WARN_ABOUT_RETURN_TYPE = YES;
				GCC_WARN_UNINITIALIZED_AUTOS = YES;
				GCC_WARN_UNUSED_VARIABLE = YES;
				IPHONEOS_DEPLOYMENT_TARGET = 5.1;
				OTHER_CFLAGS = "-DNS_BLOCK_ASSERTIONS=1";
				OTHER_LDFLAGS = "-lsqlite3.0";
				SDKROOT = iphoneos;
				VALIDATE_PRODUCT = YES;
			};
			name = Release;
		};
		308E52A81610F4E800C90EDE /* Debug */ = {
			isa = XCBuildConfiguration;
			buildSettings = {
				ARCHS = "$(ARCHS_STANDARD_32_BIT)";
				BUILD_VARIANTS = normal;
				FRAMEWORK_SEARCH_PATHS = (
					"$(inherited)",
					"\"$(SRCROOT)\"",
					"\"$(SRCROOT)/..\"",
					"\"$(SRCROOT)/../../../../FacebookSDK\"",
				);
				GCC_PRECOMPILE_PREFIX_HEADER = YES;
				GCC_PREFIX_HEADER = "StreamTest/StreamTest-Prefix.pch";
				INFOPLIST_FILE = "StreamTest/StreamTest-Info.plist";
				IPHONEOS_DEPLOYMENT_TARGET = 5.0;
				New_Setting = "";
				OTHER_LDFLAGS = (
					"-lsqlite3.0",
					"-ObjC",
				);
				PRODUCT_NAME = "$(TARGET_NAME)";
				SDKROOT = iphoneos;
				WRAPPER_EXTENSION = app;
			};
			name = Debug;
		};
		308E52A91610F4E800C90EDE /* Release */ = {
			isa = XCBuildConfiguration;
			buildSettings = {
				ARCHS = "$(ARCHS_STANDARD_32_BIT)";
				BUILD_VARIANTS = normal;
				FRAMEWORK_SEARCH_PATHS = (
					"$(inherited)",
					"\"$(SRCROOT)\"",
					"\"$(SRCROOT)/..\"",
					"\"$(SRCROOT)/../../../../FacebookSDK\"",
				);
				GCC_PRECOMPILE_PREFIX_HEADER = YES;
				GCC_PREFIX_HEADER = "StreamTest/StreamTest-Prefix.pch";
				INFOPLIST_FILE = "StreamTest/StreamTest-Info.plist";
				IPHONEOS_DEPLOYMENT_TARGET = 5.0;
				New_Setting = "";
				OTHER_LDFLAGS = (
					"-lsqlite3.0",
					"-ObjC",
				);
				PRODUCT_NAME = "$(TARGET_NAME)";
				SDKROOT = iphoneos;
				WRAPPER_EXTENSION = app;
			};
			name = Release;
		};
/* End XCBuildConfiguration section */

/* Begin XCConfigurationList section */
		308E52891610F4E800C90EDE /* Build configuration list for PBXProject "StreamTest" */ = {
			isa = XCConfigurationList;
			buildConfigurations = (
				308E52A51610F4E800C90EDE /* Debug */,
				308E52A61610F4E800C90EDE /* Release */,
			);
			defaultConfigurationIsVisible = 0;
			defaultConfigurationName = Release;
		};
		308E52A71610F4E800C90EDE /* Build configuration list for PBXNativeTarget "StreamTest" */ = {
			isa = XCConfigurationList;
			buildConfigurations = (
				308E52A81610F4E800C90EDE /* Debug */,
				308E52A91610F4E800C90EDE /* Release */,
			);
			defaultConfigurationIsVisible = 0;
			defaultConfigurationName = Release;
		};
/* End XCConfigurationList section */
	};
	rootObject = 308E52861610F4E800C90EDE /* Project object */;
}
